
Microsoft Visual Studio Solution File, Format Version 12.00
# Visual Studio Version 17
VisualStudioVersion = 17.10.34707.107
MinimumVisualStudioVersion = 10.0.40219.1
Project("{FAE04EC0-301F-11D3-BF4B-00C04F79EFBC}") = "MindfulWalletAPI", "MindfulWalletAPI\MindfulWalletAPI.csproj", "{F4867710-F730-4447-A22A-CE83546B3A77}"
EndProject
Global
	GlobalSection(SolutionConfigurationPlatforms) = preSolution
		Debug|Any CPU = Debug|Any CPU
		Release|Any CPU = Release|Any CPU
	EndGlobalSection
	GlobalSection(ProjectConfigurationPlatforms) = postSolution
		{F4867710-F730-4447-A22A-CE83546B3A77}.Debug|Any CPU.ActiveCfg = Debug|Any CPU
		{F4867710-F730-4447-A22A-CE83546B3A77}.Debug|Any CPU.Build.0 = Debug|Any CPU
		{F4867710-F730-4447-A22A-CE83546B3A77}.Release|Any CPU.ActiveCfg = Release|Any CPU
		{F4867710-F730-4447-A22A-CE83546B3A77}.Release|Any CPU.Build.0 = Release|Any CPU
	EndGlobalSection
	GlobalSection(SolutionProperties) = preSolution
		HideSolutionNode = FALSE
	EndGlobalSection
	GlobalSection(ExtensibilityGlobals) = postSolution
		SolutionGuid = {431D25F8-E80F-4A1B-900E-B42398F372F0}
	EndGlobalSection
EndGlobal
